
Microsoft Visual Studio Solution File, Format Version 12.00
# Visual Studio Version 17
VisualStudioVersion = 17.10.35004.147
MinimumVisualStudioVersion = 10.0.40219.1
Project("{FAE04EC0-301F-11D3-BF4B-00C04F79EFBC}") = "Demo.pl", "Demo.pl\Demo.pl.csproj", "{965592EC-426B-46F1-A8C1-1EEEE96D619F}"
EndProject
Project("{FAE04EC0-301F-11D3-BF4B-00C04F79EFBC}") = "Demo.DAL", "Demo.DAL\Demo.DAL.csproj", "{08C3A1AC-DD47-4AB8-993D-C246211F151B}"
EndProject
Project("{FAE04EC0-301F-11D3-BF4B-00C04F79EFBC}") = "Demo.DLL", "Demo.DLL\Demo.DLL.csproj", "{0DBD76BE-F8A0-4EC9-93D4-048DB4128AF7}"
EndProject
Global
	GlobalSection(SolutionConfigurationPlatforms) = preSolution
		Debug|Any CPU = Debug|Any CPU
		Release|Any CPU = Release|Any CPU
	EndGlobalSection
	GlobalSection(ProjectConfigurationPlatforms) = postSolution
		{965592EC-426B-46F1-A8C1-1EEEE96D619F}.Debug|Any CPU.ActiveCfg = Debug|Any CPU
		{965592EC-426B-46F1-A8C1-1EEEE96D619F}.Debug|Any CPU.Build.0 = Debug|Any CPU
		{965592EC-426B-46F1-A8C1-1EEEE96D619F}.Release|Any CPU.ActiveCfg = Release|Any CPU
		{965592EC-426B-46F1-A8C1-1EEEE96D619F}.Release|Any CPU.Build.0 = Release|Any CPU
		{08C3A1AC-DD47-4AB8-993D-C246211F151B}.Debug|Any CPU.ActiveCfg = Debug|Any CPU
		{08C3A1AC-DD47-4AB8-993D-C246211F151B}.Debug|Any CPU.Build.0 = Debug|Any CPU
		{08C3A1AC-DD47-4AB8-993D-C246211F151B}.Release|Any CPU.ActiveCfg = Release|Any CPU
		{08C3A1AC-DD47-4AB8-993D-C246211F151B}.Release|Any CPU.Build.0 = Release|Any CPU
		{0DBD76BE-F8A0-4EC9-93D4-048DB4128AF7}.Debug|Any CPU.ActiveCfg = Debug|Any CPU
		{0DBD76BE-F8A0-4EC9-93D4-048DB4128AF7}.Debug|Any CPU.Build.0 = Debug|Any CPU
		{0DBD76BE-F8A0-4EC9-93D4-048DB4128AF7}.Release|Any CPU.ActiveCfg = Release|Any CPU
		{0DBD76BE-F8A0-4EC9-93D4-048DB4128AF7}.Release|Any CPU.Build.0 = Release|Any CPU
	EndGlobalSection
	GlobalSection(SolutionProperties) = preSolution
		HideSolutionNode = FALSE
	EndGlobalSection
	GlobalSection(ExtensibilityGlobals) = postSolution
		SolutionGuid = {B1C98613-398B-4E05-ADE4-B205E14FDEC8}
	EndGlobalSection
EndGlobal
